Microsoft Visual Studio Solution File, Format Version 11.00
# Visual Studio 2008

Project("{1670A744-709A-F561-0841-6F993FAA83F1}") = "Baby Jesus", "Assembly-CSharp-vs.csproj", "{85483523-2636-4EED-CAEA-6DD85B8155EA}"
EndProject
Project("{1670A744-709A-F561-0841-6F993FAA83F1}") = "Baby Jesus", "Assembly-CSharp-Editor-vs.csproj", "{72024C82-C8BB-A6A5-D72B-02B7390FF2D6}"
EndProject
Global
	GlobalSection(SolutionConfigurationPlatforms) = preSolution
		Debug|Any CPU = Debug|Any CPU
		Release|Any CPU = Release|Any CPU
	EndGlobalSection
	GlobalSection(ProjectConfigurationPlatforms) = postSolution
		{85483523-2636-4EED-CAEA-6DD85B8155EA}.Debug|Any CPU.ActiveCfg = Debug|Any CPU
		{85483523-2636-4EED-CAEA-6DD85B8155EA}.Debug|Any CPU.Build.0 = Debug|Any CPU
		{85483523-2636-4EED-CAEA-6DD85B8155EA}.Release|Any CPU.ActiveCfg = Release|Any CPU
		{85483523-2636-4EED-CAEA-6DD85B8155EA}.Release|Any CPU.Build.0 = Release|Any CPU
		{72024C82-C8BB-A6A5-D72B-02B7390FF2D6}.Debug|Any CPU.ActiveCfg = Debug|Any CPU
		{72024C82-C8BB-A6A5-D72B-02B7390FF2D6}.Debug|Any CPU.Build.0 = Debug|Any CPU
		{72024C82-C8BB-A6A5-D72B-02B7390FF2D6}.Release|Any CPU.ActiveCfg = Release|Any CPU
		{72024C82-C8BB-A6A5-D72B-02B7390FF2D6}.Release|Any CPU.Build.0 = Release|Any CPU
	EndGlobalSection
	GlobalSection(SolutionProperties) = preSolution
		HideSolutionNode = FALSE
	EndGlobalSection
																								GlobalSection(MonoDevelopProperties) = preSolution
		StartupItem = Assembly-CSharp.csproj
		Policies = $0
		$0.TextStylePolicy = $1
		$1.inheritsSet = null
		$1.scope = text/x-csharp
		$0.CSharpFormattingPolicy = $2
		$2.inheritsSet = Mono
		$2.inheritsScope = text/x-csharp
		$2.scope = text/x-csharp
		$0.TextStylePolicy = $3
		$3.FileWidth = 120
		$3.TabWidth = 4
		$3.IndentWidth = 4
		$3.EolMarker = Unix
		$3.inheritsSet = Mono
		$3.inheritsScope = text/plain
		$3.scope = text/plain
	EndGlobalSection

EndGlobal
